
Microsoft Visual Studio Solution File, Format Version 12.00
# Visual Studio Version 16
VisualStudioVersion = 16.0.30907.101
MinimumVisualStudioVersion = 10.0.40219.1
Project("{9A19103F-16F7-4668-BE54-9A1E7A4F7556}") = "ClientConsole", "client\ClientConsole\ClientConsole.csproj", "{B5EF5E35-F23E-4956-9F0D-65F4984E1D62}"
EndProject
Project("{9A19103F-16F7-4668-BE54-9A1E7A4F7556}") = "TrafficLightServer", "server\CentralHub\TrafficLightServer.csproj", "{B7B275FD-9B9A-4E14-B9A5-EB2FBE0A6DA1}"
EndProject
Project("{9A19103F-16F7-4668-BE54-9A1E7A4F7556}") = "TrafficLightService", "TrafficLightService\TrafficLightService.csproj", "{9E35BA6D-0E10-4C56-8AB4-D7DAC81B8721}"
EndProject
Project("{FAE04EC0-301F-11D3-BF4B-00C04F79EFBC}") = "Common", "Common\Common.csproj", "{FB069F28-6BF6-4BA4-B52C-2CDC6139F653}"
EndProject
Project("{FAE04EC0-301F-11D3-BF4B-00C04F79EFBC}") = "XUnitTestTrafficLightSystem", "XUnitTestTrafficLightSystem\XUnitTestTrafficLightSystem.csproj", "{326E4EA9-DC7C-4BB0-8B73-AC3C05D2F4B2}"
EndProject
Global
	GlobalSection(SolutionConfigurationPlatforms) = preSolution
		Debug|Any CPU = Debug|Any CPU
		Release|Any CPU = Release|Any CPU
	EndGlobalSection
	GlobalSection(ProjectConfigurationPlatforms) = postSolution
		{B5EF5E35-F23E-4956-9F0D-65F4984E1D62}.Debug|Any CPU.ActiveCfg = Debug|Any CPU
		{B5EF5E35-F23E-4956-9F0D-65F4984E1D62}.Debug|Any CPU.Build.0 = Debug|Any CPU
		{B5EF5E35-F23E-4956-9F0D-65F4984E1D62}.Release|Any CPU.ActiveCfg = Release|Any CPU
		{B5EF5E35-F23E-4956-9F0D-65F4984E1D62}.Release|Any CPU.Build.0 = Release|Any CPU
		{B7B275FD-9B9A-4E14-B9A5-EB2FBE0A6DA1}.Debug|Any CPU.ActiveCfg = Debug|Any CPU
		{B7B275FD-9B9A-4E14-B9A5-EB2FBE0A6DA1}.Debug|Any CPU.Build.0 = Debug|Any CPU
		{B7B275FD-9B9A-4E14-B9A5-EB2FBE0A6DA1}.Release|Any CPU.ActiveCfg = Release|Any CPU
		{B7B275FD-9B9A-4E14-B9A5-EB2FBE0A6DA1}.Release|Any CPU.Build.0 = Release|Any CPU
		{9E35BA6D-0E10-4C56-8AB4-D7DAC81B8721}.Debug|Any CPU.ActiveCfg = Debug|Any CPU
		{9E35BA6D-0E10-4C56-8AB4-D7DAC81B8721}.Debug|Any CPU.Build.0 = Debug|Any CPU
		{9E35BA6D-0E10-4C56-8AB4-D7DAC81B8721}.Release|Any CPU.ActiveCfg = Release|Any CPU
		{9E35BA6D-0E10-4C56-8AB4-D7DAC81B8721}.Release|Any CPU.Build.0 = Release|Any CPU
		{FB069F28-6BF6-4BA4-B52C-2CDC6139F653}.Debug|Any CPU.ActiveCfg = Debug|Any CPU
		{FB069F28-6BF6-4BA4-B52C-2CDC6139F653}.Debug|Any CPU.Build.0 = Debug|Any CPU
		{FB069F28-6BF6-4BA4-B52C-2CDC6139F653}.Release|Any CPU.ActiveCfg = Release|Any CPU
		{FB069F28-6BF6-4BA4-B52C-2CDC6139F653}.Release|Any CPU.Build.0 = Release|Any CPU
		{326E4EA9-DC7C-4BB0-8B73-AC3C05D2F4B2}.Debug|Any CPU.ActiveCfg = Debug|Any CPU
		{326E4EA9-DC7C-4BB0-8B73-AC3C05D2F4B2}.Debug|Any CPU.Build.0 = Debug|Any CPU
		{326E4EA9-DC7C-4BB0-8B73-AC3C05D2F4B2}.Release|Any CPU.ActiveCfg = Release|Any CPU
		{326E4EA9-DC7C-4BB0-8B73-AC3C05D2F4B2}.Release|Any CPU.Build.0 = Release|Any CPU
	EndGlobalSection
	GlobalSection(SolutionProperties) = preSolution
		HideSolutionNode = FALSE
	EndGlobalSection
	GlobalSection(ExtensibilityGlobals) = postSolution
		SolutionGuid = {1333647A-F3BB-418A-B4FF-9B4CF61A2296}
	EndGlobalSection
EndGlobal
